// !$*UTF8*$!
{
	archiveVersion = 1;
	classes = {
	};
	objectVersion = 55;
	objects = {

/* Begin PBXBuildFile section */
		28AC4C762A8D3CE20001AC64 /* AppDelegate.swift in Sources */ = {isa = PBXBuildFile; fileRef = 28AC4C752A8D3CE20001AC64 /* AppDelegate.swift */; };
		28AC4C782A8D3CE20001AC64 /* SceneDelegate.swift in Sources */ = {isa = PBXBuildFile; fileRef = 28AC4C772A8D3CE20001AC64 /* SceneDelegate.swift */; };
		28AC4C7A2A8D3CE20001AC64 /* ViewController.swift in Sources */ = {isa = PBXBuildFile; fileRef = 28AC4C792A8D3CE20001AC64 /* ViewController.swift */; };
		28AC4C7D2A8D3CE20001AC64 /* Main.storyboard in Resources */ = {isa = PBXBuildFile; fileRef = 28AC4C7B2A8D3CE20001AC64 /* Main.storyboard */; };
		28AC4C7F2A8D3CE50001AC64 /* Assets.xcassets in Resources */ = {isa = PBXBuildFile; fileRef = 28AC4C7E2A8D3CE50001AC64 /* Assets.xcassets */; };
		28AC4C822A8D3CE50001AC64 /* LaunchScreen.storyboard in Resources */ = {isa = PBXBuildFile; fileRef = 28AC4C802A8D3CE50001AC64 /* LaunchScreen.storyboard */; };
		28AC4C8D2A8D3CE50001AC64 /* FormsTests.swift in Sources */ = {isa = PBXBuildFile; fileRef = 28AC4C8C2A8D3CE50001AC64 /* FormsTests.swift */; };
		28AC4C972A8D3CE50001AC64 /* FormsUITests.swift in Sources */ = {isa = PBXBuildFile; fileRef = 28AC4C962A8D3CE50001AC64 /* FormsUITests.swift */; };
		28AC4C992A8D3CE50001AC64 /* FormsUITestsLaunchTests.swift in Sources */ = {isa = PBXBuildFile; fileRef = 28AC4C982A8D3CE50001AC64 /* FormsUITestsLaunchTests.swift */; };
/* End PBXBuildFile section */

/* Begin PBXContainerItemProxy section */
		28AC4C892A8D3CE50001AC64 /* PBXContainerItemProxy */ = {
			isa = PBXContainerItemProxy;
			containerPortal = 28AC4C6A2A8D3CE20001AC64 /* Project object */;
			proxyType = 1;
			remoteGlobalIDString = 28AC4C712A8D3CE20001AC64;
			remoteInfo = Forms;
		};
		28AC4C932A8D3CE50001AC64 /* PBXContainerItemProxy */ = {
			isa = PBXContainerItemProxy;
			containerPortal = 28AC4C6A2A8D3CE20001AC64 /* Project object */;
			proxyType = 1;
			remoteGlobalIDString = 28AC4C712A8D3CE20001AC64;
			remoteInfo = Forms;
		};
/* End PBXContainerItemProxy section */

/* Begin PBXFileReference section */
		28AC4C722A8D3CE20001AC64 /* Forms.app */ = {isa = PBXFileReference; explicitFileType = wrapper.application; includeInIndex = 0; path = Forms.app; sourceTree = BUILT_PRODUCTS_DIR; };
		28AC4C752A8D3CE20001AC64 /* AppDelegate.swift */ = {isa = PBXFileReference; lastKnownFileType = sourcecode.swift; path = AppDelegate.swift; sourceTree = "<group>"; };
		28AC4C772A8D3CE20001AC64 /* SceneDelegate.swift */ = {isa = PBXFileReference; lastKnownFileType = sourcecode.swift; path = SceneDelegate.swift; sourceTree = "<group>"; };
		28AC4C792A8D3CE20001AC64 /* ViewController.swift */ = {isa = PBXFileReference; lastKnownFileType = sourcecode.swift; path = ViewController.swift; sourceTree = "<group>"; };
		28AC4C7C2A8D3CE20001AC64 /* Base */ = {isa = PBXFileReference; lastKnownFileType = file.storyboard; name = Base; path = Base.lproj/Main.storyboard; sourceTree = "<group>"; };
		28AC4C7E2A8D3CE50001AC64 /* Assets.xcassets */ = {isa = PBXFileReference; lastKnownFileType = folder.assetcatalog; path = Assets.xcassets; sourceTree = "<group>"; };
		28AC4C812A8D3CE50001AC64 /* Base */ = {isa = PBXFileReference; lastKnownFileType = file.storyboard; name = Base; path = Base.lproj/LaunchScreen.storyboard; sourceTree = "<group>"; };
		28AC4C832A8D3CE50001AC64 /* Info.plist */ = {isa = PBXFileReference; lastKnownFileType = text.plist.xml; path = Info.plist; sourceTree = "<group>"; };
		28AC4C882A8D3CE50001AC64 /* FormsTests.xctest */ = {isa = PBXFileReference; explicitFileType = wrapper.cfbundle; includeInIndex = 0; path = FormsTests.xctest; sourceTree = BUILT_PRODUCTS_DIR; };
		28AC4C8C2A8D3CE50001AC64 /* FormsTests.swift */ = {isa = PBXFileReference; lastKnownFileType = sourcecode.swift; path = FormsTests.swift; sourceTree = "<group>"; };
		28AC4C922A8D3CE50001AC64 /* FormsUITests.xctest */ = {isa = PBXFileReference; explicitFileType = wrapper.cfbundle; includeInIndex = 0; path = FormsUITests.xctest; sourceTree = BUILT_PRODUCTS_DIR; };
		28AC4C962A8D3CE50001AC64 /* FormsUITests.swift */ = {isa = PBXFileReference; lastKnownFileType = sourcecode.swift; path = FormsUITests.swift; sourceTree = "<group>"; };
		28AC4C982A8D3CE50001AC64 /* FormsUITestsLaunchTests.swift */ = {isa = PBXFileReference; lastKnownFileType = sourcecode.swift; path = FormsUITestsLaunchTests.swift; sourceTree = "<group>"; };
/* End PBXFileReference section */

/* Begin PBXFrameworksBuildPhase section */
		28AC4C6F2A8D3CE20001AC64 /* Frameworks */ = {
			isa = PBXFrameworksBuildPhase;
			buildActionMask = 2147483647;
			files = (
			);
			runOnlyForDeploymentPostprocessing = 0;
		};
		28AC4C852A8D3CE50001AC64 /* Frameworks */ = {
			isa = PBXFrameworksBuildPhase;
			buildActionMask = 2147483647;
			files = (
			);
			runOnlyForDeploymentPostprocessing = 0;
		};
		28AC4C8F2A8D3CE50001AC64 /* Frameworks */ = {
			isa = PBXFrameworksBuildPhase;
			buildActionMask = 2147483647;
			files = (
			);
			runOnlyForDeploymentPostprocessing = 0;
		};
/* End PBXFrameworksBuildPhase section */

/* Begin PBXGroup section */
		28AC4C692A8D3CE20001AC64 = {
			isa = PBXGroup;
			children = (
				28AC4C742A8D3CE20001AC64 /* Forms */,
				28AC4C8B2A8D3CE50001AC64 /* FormsTests */,
				28AC4C952A8D3CE50001AC64 /* FormsUITests */,
				28AC4C732A8D3CE20001AC64 /* Products */,
			);
			sourceTree = "<group>";
		};
		28AC4C732A8D3CE20001AC64 /* Products */ = {
			isa = PBXGroup;
			children = (
				28AC4C722A8D3CE20001AC64 /* Forms.app */,
				28AC4C882A8D3CE50001AC64 /* FormsTests.xctest */,
				28AC4C922A8D3CE50001AC64 /* FormsUITests.xctest */,
			);
			name = Products;
			sourceTree = "<group>";
		};
		28AC4C742A8D3CE20001AC64 /* Forms */ = {
			isa = PBXGroup;
			children = (
				28AC4C752A8D3CE20001AC64 /* AppDelegate.swift */,
				28AC4C772A8D3CE20001AC64 /* SceneDelegate.swift */,
				28AC4C792A8D3CE20001AC64 /* ViewController.swift */,
				28AC4C7B2A8D3CE20001AC64 /* Main.storyboard */,
				28AC4C7E2A8D3CE50001AC64 /* Assets.xcassets */,
				28AC4C802A8D3CE50001AC64 /* LaunchScreen.storyboard */,
				28AC4C832A8D3CE50001AC64 /* Info.plist */,
			);
			path = Forms;
			sourceTree = "<group>";
		};
		28AC4C8B2A8D3CE50001AC64 /* FormsTests */ = {
			isa = PBXGroup;
			children = (
				28AC4C8C2A8D3CE50001AC64 /* FormsTests.swift */,
			);
			path = FormsTests;
			sourceTree = "<group>";
		};
		28AC4C952A8D3CE50001AC64 /* FormsUITests */ = {
			isa = PBXGroup;
			children = (
				28AC4C962A8D3CE50001AC64 /* FormsUITests.swift */,
				28AC4C982A8D3CE50001AC64 /* FormsUITestsLaunchTests.swift */,
			);
			path = FormsUITests;
			sourceTree = "<group>";
		};
/* End PBXGroup section */

/* Begin PBXNativeTarget section */
		28AC4C712A8D3CE20001AC64 /* Forms */ = {
			isa = PBXNativeTarget;
			buildConfigurationList = 28AC4C9C2A8D3CE50001AC64 /* Build configuration list for PBXNativeTarget "Forms" */;
			buildPhases = (
				28AC4C6E2A8D3CE20001AC64 /* Sources */,
				28AC4C6F2A8D3CE20001AC64 /* Frameworks */,
				28AC4C702A8D3CE20001AC64 /* Resources */,
			);
			buildRules = (
			);
			dependencies = (
			);
			name = Forms;
			productName = Forms;
			productReference = 28AC4C722A8D3CE20001AC64 /* Forms.app */;
			productType = "com.apple.product-type.application";
		};
		28AC4C872A8D3CE50001AC64 /* FormsTests */ = {
			isa = PBXNativeTarget;
			buildConfigurationList = 28AC4C9F2A8D3CE50001AC64 /* Build configuration list for PBXNativeTarget "FormsTests" */;
			buildPhases = (
				28AC4C842A8D3CE50001AC64 /* Sources */,
				28AC4C852A8D3CE50001AC64 /* Frameworks */,
				28AC4C862A8D3CE50001AC64 /* Resources */,
			);
			buildRules = (
			);
			dependencies = (
				28AC4C8A2A8D3CE50001AC64 /* PBXTargetDependency */,
			);
			name = FormsTests;
			productName = FormsTests;
			productReference = 28AC4C882A8D3CE50001AC64 /* FormsTests.xctest */;
			productType = "com.apple.product-type.bundle.unit-test";
		};
		28AC4C912A8D3CE50001AC64 /* FormsUITests */ = {
			isa = PBXNativeTarget;
			buildConfigurationList = 28AC4CA22A8D3CE50001AC64 /* Build configuration list for PBXNativeTarget "FormsUITests" */;
			buildPhases = (
				28AC4C8E2A8D3CE50001AC64 /* Sources */,
				28AC4C8F2A8D3CE50001AC64 /* Frameworks */,
				28AC4C902A8D3CE50001AC64 /* Resources */,
			);
			buildRules = (
			);
			dependencies = (
				28AC4C942A8D3CE50001AC64 /* PBXTargetDependency */,
			);
			name = FormsUITests;
			productName = FormsUITests;
			productReference = 28AC4C922A8D3CE50001AC64 /* FormsUITests.xctest */;
			productType = "com.apple.product-type.bundle.ui-testing";
		};
/* End PBXNativeTarget section */

/* Begin PBXProject section */
		28AC4C6A2A8D3CE20001AC64 /* Project object */ = {
			isa = PBXProject;
			attributes = {
				BuildIndependentTargetsInParallel = 1;
				LastSwiftUpdateCheck = 1320;
				LastUpgradeCheck = 1320;
				TargetAttributes = {
					28AC4C712A8D3CE20001AC64 = {
						CreatedOnToolsVersion = 13.2.1;
					};
					28AC4C872A8D3CE50001AC64 = {
						CreatedOnToolsVersion = 13.2.1;
						TestTargetID = 28AC4C712A8D3CE20001AC64;
					};
					28AC4C912A8D3CE50001AC64 = {
						CreatedOnToolsVersion = 13.2.1;
						TestTargetID = 28AC4C712A8D3CE20001AC64;
					};
				};
			};
			buildConfigurationList = 28AC4C6D2A8D3CE20001AC64 /* Build configuration list for PBXProject "Forms" */;
			compatibilityVersion = "Xcode 13.0";
			developmentRegion = en;
			hasScannedForEncodings = 0;
			knownRegions = (
				en,
				Base,
			);
			mainGroup = 28AC4C692A8D3CE20001AC64;
			productRefGroup = 28AC4C732A8D3CE20001AC64 /* Products */;
			projectDirPath = "";
			projectRoot = "";
			targets = (
				28AC4C712A8D3CE20001AC64 /* Forms */,
				28AC4C872A8D3CE50001AC64 /* FormsTests */,
				28AC4C912A8D3CE50001AC64 /* FormsUITests */,
			);
		};
/* End PBXProject section */

/* Begin PBXResourcesBuildPhase section */
		28AC4C702A8D3CE20001AC64 /* Resources */ = {
			isa = PBXResourcesBuildPhase;
			buildActionMask = 2147483647;
			files = (
				28AC4C822A8D3CE50001AC64 /* LaunchScreen.storyboard in Resources */,
				28AC4C7F2A8D3CE50001AC64 /* Assets.xcassets in Resources */,
				28AC4C7D2A8D3CE20001AC64 /* Main.storyboard in Resources */,
			);
			runOnlyForDeploymentPostprocessing = 0;
		};
		28AC4C862A8D3CE50001AC64 /* Resources */ = {
			isa = PBXResourcesBuildPhase;
			buildActionMask = 2147483647;
			files = (
			);
			runOnlyForDeploymentPostprocessing = 0;
		};
		28AC4C902A8D3CE50001AC64 /* Resources */ = {
			isa = PBXResourcesBuildPhase;
			buildActionMask = 2147483647;
			files = (
			);
			runOnlyForDeploymentPostprocessing = 0;
		};
/* End PBXResourcesBuildPhase section */

/* Begin PBXSourcesBuildPhase section */
		28AC4C6E2A8D3CE20001AC64 /* Sources */ = {
			isa = PBXSourcesBuildPhase;
			buildActionMask = 2147483647;
			files = (
				28AC4C7A2A8D3CE20001AC64 /* ViewController.swift in Sources */,
				28AC4C762A8D3CE20001AC64 /* AppDelegate.swift in Sources */,
				28AC4C782A8D3CE20001AC64 /* SceneDelegate.swift in Sources */,
			);
			runOnlyForDeploymentPostprocessing = 0;
		};
		28AC4C842A8D3CE50001AC64 /* Sources */ = {
			isa = PBXSourcesBuildPhase;
			buildActionMask = 2147483647;
			files = (
				28AC4C8D2A8D3CE50001AC64 /* FormsTests.swift in Sources */,
			);
			runOnlyForDeploymentPostprocessing = 0;
		};
		28AC4C8E2A8D3CE50001AC64 /* Sources */ = {
			isa = PBXSourcesBuildPhase;
			buildActionMask = 2147483647;
			files = (
				28AC4C992A8D3CE50001AC64 /* FormsUITestsLaunchTests.swift in Sources */,
				28AC4C972A8D3CE50001AC64 /* FormsUITests.swift in Sources */,
			);
			runOnlyForDeploymentPostprocessing = 0;
		};
/* End PBXSourcesBuildPhase section */

/* Begin PBXTargetDependency section */
		28AC4C8A2A8D3CE50001AC64 /* PBXTargetDependency */ = {
			isa = PBXTargetDependency;
			target = 28AC4C712A8D3CE20001AC64 /* Forms */;
			targetProxy = 28AC4C892A8D3CE50001AC64 /* PBXContainerItemProxy */;
		};
		28AC4C942A8D3CE50001AC64 /* PBXTargetDependency */ = {
			isa = PBXTargetDependency;
			target = 28AC4C712A8D3CE20001AC64 /* Forms */;
			targetProxy = 28AC4C932A8D3CE50001AC64 /* PBXContainerItemProxy */;
		};
/* End PBXTargetDependency section */

/* Begin PBXVariantGroup section */
		28AC4C7B2A8D3CE20001AC64 /* Main.storyboard */ = {
			isa = PBXVariantGroup;
			children = (
				28AC4C7C2A8D3CE20001AC64 /* Base */,
			);
			name = Main.storyboard;
			sourceTree = "<group>";
		};
		28AC4C802A8D3CE50001AC64 /* LaunchScreen.storyboard */ = {
			isa = PBXVariantGroup;
			children = (
				28AC4C812A8D3CE50001AC64 /* Base */,
			);
			name = LaunchScreen.storyboard;
			sourceTree = "<group>";
		};
/* End PBXVariantGroup section */

/* Begin XCBuildConfiguration section */
		28AC4C9A2A8D3CE50001AC64 /* Debug */ = {
			isa = XCBuildConfiguration;
			buildSettings = {
				ALWAYS_SEARCH_USER_PATHS = NO;
				CLANG_ANALYZER_NONNULL = YES;
				CLANG_ANALYZER_NUMBER_OBJECT_CONVERSION = YES_AGGRESSIVE;
				CLANG_CXX_LANGUAGE_STANDARD = "gnu++17";
				CLANG_CXX_LIBRARY = "libc++";
				CLANG_ENABLE_MODULES = YES;
				CLANG_ENABLE_OBJC_ARC = YES;
				CLANG_ENABLE_OBJC_WEAK = YES;
				CLANG_WARN_BLOCK_CAPTURE_AUTORELEASING = YES;
				CLANG_WARN_BOOL_CONVERSION = YES;
				CLANG_WARN_COMMA = YES;
				CLANG_WARN_CONSTANT_CONVERSION = YES;
				CLANG_WARN_DEPRECATED_OBJC_IMPLEMENTATIONS = YES;
				CLANG_WARN_DIRECT_OBJC_ISA_USAGE = YES_ERROR;
				CLANG_WARN_DOCUMENTATION_COMMENTS = YES;
				CLANG_WARN_EMPTY_BODY = YES;
				CLANG_WARN_ENUM_CONVERSION = YES;
				CLANG_WARN_INFINITE_RECURSION = YES;
				CLANG_WARN_INT_CONVERSION = YES;
				CLANG_WARN_NON_LITERAL_NULL_CONVERSION = YES;
				CLANG_WARN_OBJC_IMPLICIT_RETAIN_SELF = YES;
				CLANG_WARN_OBJC_LITERAL_CONVERSION = YES;
				CLANG_WARN_OBJC_ROOT_CLASS = YES_ERROR;
				CLANG_WARN_QUOTED_INCLUDE_IN_FRAMEWORK_HEADER = YES;
				CLANG_WARN_RANGE_LOOP_ANALYSIS = YES;
				CLANG_WARN_STRICT_PROTOTYPES = YES;
				CLANG_WARN_SUSPICIOUS_MOVE = YES;
				CLANG_WARN_UNGUARDED_AVAILABILITY = YES_AGGRESSIVE;
				CLANG_WARN_UNREACHABLE_CODE = YES;
				CLANG_WARN__DUPLICATE_METHOD_MATCH = YES;
				COPY_PHASE_STRIP = NO;
				DEBUG_INFORMATION_FORMAT = dwarf;
				ENABLE_STRICT_OBJC_MSGSEND = YES;
				ENABLE_TESTABILITY = YES;
				GCC_C_LANGUAGE_STANDARD = gnu11;
				GCC_DYNAMIC_NO_PIC = NO;
				GCC_NO_COMMON_BLOCKS = YES;
				GCC_OPTIMIZATION_LEVEL = 0;
				GCC_PREPROCESSOR_DEFINITIONS = (
					"DEBUG=1",
					"$(inherited)",
				);
				GCC_WARN_64_TO_32_BIT_CONVERSION = YES;
				GCC_WARN_ABOUT_RETURN_TYPE = YES_ERROR;
				GCC_WARN_UNDECLARED_SELECTOR = YES;
				GCC_WARN_UNINITIALIZED_AUTOS = YES_AGGRESSIVE;
				GCC_WARN_UNUSED_FUNCTION = YES;
				GCC_WARN_UNUSED_VARIABLE = YES;
				IPHONEOS_DEPLOYMENT_TARGET = 15.2;
				MTL_ENABLE_DEBUG_INFO = INCLUDE_SOURCE;
				MTL_FAST_MATH = YES;
				ONLY_ACTIVE_ARCH = YES;
				SDKROOT = iphoneos;
				SWIFT_ACTIVE_COMPILATION_CONDITIONS = DEBUG;
				SWIFT_OPTIMIZATION_LEVEL = "-Onone";
			};
			name = Debug;
		};
		28AC4C9B2A8D3CE50001AC64 /* Release */ = {
			isa = XCBuildConfiguration;
			buildSettings = {
				ALWAYS_SEARCH_USER_PATHS = NO;
				CLANG_ANALYZER_NONNULL = YES;
				CLANG_ANALYZER_NUMBER_OBJECT_CONVERSION = YES_AGGRESSIVE;
				CLANG_CXX_LANGUAGE_STANDARD = "gnu++17";
				CLANG_CXX_LIBRARY = "libc++";
				CLANG_ENABLE_MODULES = YES;
				CLANG_ENABLE_OBJC_ARC = YES;
				CLANG_ENABLE_OBJC_WEAK = YES;
				CLANG_WARN_BLOCK_CAPTURE_AUTORELEASING = YES;
				CLANG_WARN_BOOL_CONVERSION = YES;
				CLANG_WARN_COMMA = YES;
				CLANG_WARN_CONSTANT_CONVERSION = YES;
				CLANG_WARN_DEPRECATED_OBJC_IMPLEMENTATIONS = YES;
				CLANG_WARN_DIRECT_OBJC_ISA_USAGE = YES_ERROR;
				CLANG_WARN_DOCUMENTATION_COMMENTS = YES;
				CLANG_WARN_EMPTY_BODY = YES;
				CLANG_WARN_ENUM_CONVERSION = YES;
				CLANG_WARN_INFINITE_RECURSION = YES;
				CLANG_WARN_INT_CONVERSION = YES;
				CLANG_WARN_NON_LITERAL_NULL_CONVERSION = YES;
				CLANG_WARN_OBJC_IMPLICIT_RETAIN_SELF = YES;
				CLANG_WARN_OBJC_LITERAL_CONVERSION = YES;
				CLANG_WARN_OBJC_ROOT_CLASS = YES_ERROR;
				CLANG_WARN_QUOTED_INCLUDE_IN_FRAMEWORK_HEADER = YES;
				CLANG_WARN_RANGE_LOOP_ANALYSIS = YES;
				CLANG_WARN_STRICT_PROTOTYPES = YES;
				CLANG_WARN_SUSPICIOUS_MOVE = YES;
				CLANG_WARN_UNGUARDED_AVAILABILITY = YES_AGGRESSIVE;
				CLANG_WARN_UNREACHABLE_CODE = YES;
				CLANG_WARN__DUPLICATE_METHOD_MATCH = YES;
				COPY_PHASE_STRIP = NO;
				DEBUG_INFORMATION_FORMAT = "dwarf-with-dsym";
				ENABLE_NS_ASSERTIONS = NO;
				ENABLE_STRICT_OBJC_MSGSEND = YES;
				GCC_C_LANGUAGE_STANDARD = gnu11;
				GCC_NO_COMMON_BLOCKS = YES;
				GCC_WARN_64_TO_32_BIT_CONVERSION = YES;
				GCC_WARN_ABOUT_RETURN_TYPE = YES_ERROR;
				GCC_WARN_UNDECLARED_SELECTOR = YES;
				GCC_WARN_UNINITIALIZED_AUTOS = YES_AGGRESSIVE;
				GCC_WARN_UNUSED_FUNCTION = YES;
				GCC_WARN_UNUSED_VARIABLE = YES;
				IPHONEOS_DEPLOYMENT_TARGET = 15.2;
				MTL_ENABLE_DEBUG_INFO = NO;
				MTL_FAST_MATH = YES;
				SDKROOT = iphoneos;
				SWIFT_COMPILATION_MODE = wholemodule;
				SWIFT_OPTIMIZATION_LEVEL = "-O";
				VALIDATE_PRODUCT = YES;
			};
			name = Release;
		};
		28AC4C9D2A8D3CE50001AC64 /* Debug */ = {
			isa = XCBuildConfiguration;
			buildSettings = {
				ASSETCATALOG_COMPILER_APPICON_NAME = AppIcon;
				ASSETCATALOG_COMPILER_GLOBAL_ACCENT_COLOR_NAME = AccentColor;
				CODE_SIGN_STYLE = Automatic;
				CURRENT_PROJECT_VERSION = 1;
				DEVELOPMENT_TEAM = Y8U96XRLS7;
				GENERATE_INFOPLIST_FILE = YES;
				INFOPLIST_FILE = Forms/Info.plist;
				INFOPLIST_KEY_UIApplicationSupportsIndirectInputEvents = YES;
				INFOPLIST_KEY_UILaunchStoryboardName = LaunchScreen;
				INFOPLIST_KEY_UIMainStoryboardFile = Main;
				INFOPLIST_KEY_UISupportedInterfaceOrientations_iPad = "UIInterfaceOrientationPortrait UIInterfaceOrientationPortraitUpsideDown UIInterfaceOrientationLandscapeLeft UIInterfaceOrientationLandscapeRight";
				INFOPLIST_KEY_UISupportedInterfaceOrientations_iPhone = "UIInterfaceOrientationPortrait UIInterfaceOrientationLandscapeLeft UIInterfaceOrientationLandscapeRight";
				LD_RUNPATH_SEARCH_PATHS = (
					"$(inherited)",
					"@executable_path/Frameworks",
				);
				MARKETING_VERSION = 1.0;
				PRODUCT_BUNDLE_IDENTIFIER = com.agustinramirez.bootcamp.Forms;
				PRODUCT_NAME = "$(TARGET_NAME)";
				SWIFT_EMIT_LOC_STRINGS = YES;
				SWIFT_VERSION = 5.0;
				TARGETED_DEVICE_FAMILY = "1,2";
			};
			name = Debug;
		};
		28AC4C9E2A8D3CE50001AC64 /* Release */ = {
			isa = XCBuildConfiguration;
			buildSettings = {
				ASSETCATALOG_COMPILER_APPICON_NAME = AppIcon;
				ASSETCATALOG_COMPILER_GLOBAL_ACCENT_COLOR_NAME = AccentColor;
				CODE_SIGN_STYLE = Automatic;
				CURRENT_PROJECT_VERSION = 1;
				DEVELOPMENT_TEAM = Y8U96XRLS7;
				GENERATE_INFOPLIST_FILE = YES;
				INFOPLIST_FILE = Forms/Info.plist;
				INFOPLIST_KEY_UIApplicationSupportsIndirectInputEvents = YES;
				INFOPLIST_KEY_UILaunchStoryboardName = LaunchScreen;
				INFOPLIST_KEY_UIMainStoryboardFile = Main;
				INFOPLIST_KEY_UISupportedInterfaceOrientations_iPad = "UIInterfaceOrientationPortrait UIInterfaceOrientationPortraitUpsideDown UIInterfaceOrientationLandscapeLeft UIInterfaceOrientationLandscapeRight";
				INFOPLIST_KEY_UISupportedInterfaceOrientations_iPhone = "UIInterfaceOrientationPortrait UIInterfaceOrientationLandscapeLeft UIInterfaceOrientationLandscapeRight";
				LD_RUNPATH_SEARCH_PATHS = (
					"$(inherited)",
					"@executable_path/Frameworks",
				);
				MARKETING_VERSION = 1.0;
				PRODUCT_BUNDLE_IDENTIFIER = com.agustinramirez.bootcamp.Forms;
				PRODUCT_NAME = "$(TARGET_NAME)";
				SWIFT_EMIT_LOC_STRINGS = YES;
				SWIFT_VERSION = 5.0;
				TARGETED_DEVICE_FAMILY = "1,2";
			};
			name = Release;
		};
		28AC4CA02A8D3CE50001AC64 /* Debug */ = {
			isa = XCBuildConfiguration;
			buildSettings = {
				ALWAYS_EMBED_SWIFT_STANDARD_LIBRARIES = YES;
				BUNDLE_LOADER = "$(TEST_HOST)";
				CODE_SIGN_STYLE = Automatic;
				CURRENT_PROJECT_VERSION = 1;
				DEVELOPMENT_TEAM = Y8U96XRLS7;
				GENERATE_INFOPLIST_FILE = YES;
				IPHONEOS_DEPLOYMENT_TARGET = 15.2;
				MARKETING_VERSION = 1.0;
				PRODUCT_BUNDLE_IDENTIFIER = com.agustinramirez.bootcamp.FormsTests;
				PRODUCT_NAME = "$(TARGET_NAME)";
				SWIFT_EMIT_LOC_STRINGS = NO;
				SWIFT_VERSION = 5.0;
				TARGETED_DEVICE_FAMILY = "1,2";
				TEST_HOST = "$(BUILT_PRODUCTS_DIR)/Forms.app/Forms";
			};
			name = Debug;
		};
		28AC4CA12A8D3CE50001AC64 /* Release */ = {
			isa = XCBuildConfiguration;
			buildSettings = {
				ALWAYS_EMBED_SWIFT_STANDARD_LIBRARIES = YES;
				BUNDLE_LOADER = "$(TEST_HOST)";
				CODE_SIGN_STYLE = Automatic;
				CURRENT_PROJECT_VERSION = 1;
				DEVELOPMENT_TEAM = Y8U96XRLS7;
				GENERATE_INFOPLIST_FILE = YES;
				IPHONEOS_DEPLOYMENT_TARGET = 15.2;
				MARKETING_VERSION = 1.0;
				PRODUCT_BUNDLE_IDENTIFIER = com.agustinramirez.bootcamp.FormsTests;
				PRODUCT_NAME = "$(TARGET_NAME)";
				SWIFT_EMIT_LOC_STRINGS = NO;
				SWIFT_VERSION = 5.0;
				TARGETED_DEVICE_FAMILY = "1,2";
				TEST_HOST = "$(BUILT_PRODUCTS_DIR)/Forms.app/Forms";
			};
			name = Release;
		};
		28AC4CA32A8D3CE50001AC64 /* Debug */ = {
			isa = XCBuildConfiguration;
			buildSettings = {
				ALWAYS_EMBED_SWIFT_STANDARD_LIBRARIES = YES;
				CODE_SIGN_STYLE = Automatic;
				CURRENT_PROJECT_VERSION = 1;
				DEVELOPMENT_TEAM = Y8U96XRLS7;
				GENERATE_INFOPLIST_FILE = YES;
				MARKETING_VERSION = 1.0;
				PRODUCT_BUNDLE_IDENTIFIER = com.agustinramirez.bootcamp.FormsUITests;
				PRODUCT_NAME = "$(TARGET_NAME)";
				SWIFT_EMIT_LOC_STRINGS = NO;
				SWIFT_VERSION = 5.0;
				TARGETED_DEVICE_FAMILY = "1,2";
				TEST_TARGET_NAME = Forms;
			};
			name = Debug;
		};
		28AC4CA42A8D3CE50001AC64 /* Release */ = {
			isa = XCBuildConfiguration;
			buildSettings = {
				ALWAYS_EMBED_SWIFT_STANDARD_LIBRARIES = YES;
				CODE_SIGN_STYLE = Automatic;
				CURRENT_PROJECT_VERSION = 1;
				DEVELOPMENT_TEAM = Y8U96XRLS7;
				GENERATE_INFOPLIST_FILE = YES;
				MARKETING_VERSION = 1.0;
				PRODUCT_BUNDLE_IDENTIFIER = com.agustinramirez.bootcamp.FormsUITests;
				PRODUCT_NAME = "$(TARGET_NAME)";
				SWIFT_EMIT_LOC_STRINGS = NO;
				SWIFT_VERSION = 5.0;
				TARGETED_DEVICE_FAMILY = "1,2";
				TEST_TARGET_NAME = Forms;
			};
			name = Release;
		};
/* End XCBuildConfiguration section */

/* Begin XCConfigurationList section */
		28AC4C6D2A8D3CE20001AC64 /* Build configuration list for PBXProject "Forms" */ = {
			isa = XCConfigurationList;
			buildConfigurations = (
				28AC4C9A2A8D3CE50001AC64 /* Debug */,
				28AC4C9B2A8D3CE50001AC64 /* Release */,
			);
			defaultConfigurationIsVisible = 0;
			defaultConfigurationName = Release;
		};
		28AC4C9C2A8D3CE50001AC64 /* Build configuration list for PBXNativeTarget "Forms" */ = {
			isa = XCConfigurationList;
			buildConfigurations = (
				28AC4C9D2A8D3CE50001AC64 /* Debug */,
				28AC4C9E2A8D3CE50001AC64 /* Release */,
			);
			defaultConfigurationIsVisible = 0;
			defaultConfigurationName = Release;
		};
		28AC4C9F2A8D3CE50001AC64 /* Build configuration list for PBXNativeTarget "FormsTests" */ = {
			isa = XCConfigurationList;
			buildConfigurations = (
				28AC4CA02A8D3CE50001AC64 /* Debug */,
				28AC4CA12A8D3CE50001AC64 /* Release */,
			);
			defaultConfigurationIsVisible = 0;
			defaultConfigurationName = Release;
		};
		28AC4CA22A8D3CE50001AC64 /* Build configuration list for PBXNativeTarget "FormsUITests" */ = {
			isa = XCConfigurationList;
			buildConfigurations = (
				28AC4CA32A8D3CE50001AC64 /* Debug */,
				28AC4CA42A8D3CE50001AC64 /* Release */,
			);
			defaultConfigurationIsVisible = 0;
			defaultConfigurationName = Release;
		};
/* End XCConfigurationList section */
	};
	rootObject = 28AC4C6A2A8D3CE20001AC64 /* Project object */;
}
